// !$*UTF8*$!
{
	archiveVersion = 1;
	classes = {
	};
	objectVersion = 46;
	objects = {

/* Begin PBXBuildFile section */
		03D1001E16EC579A0005A1A9 /* UIKit.framework in Frameworks */ = {isa = PBXBuildFile; fileRef = 03D1001D16EC579A0005A1A9 /* UIKit.framework */; };
		03D1002016EC579A0005A1A9 /* Foundation.framework in Frameworks */ = {isa = PBXBuildFile; fileRef = 03D1001F16EC579A0005A1A9 /* Foundation.framework */; };
		03D1002216EC579A0005A1A9 /* CoreGraphics.framework in Frameworks */ = {isa = PBXBuildFile; fileRef = 03D1002116EC579A0005A1A9 /* CoreGraphics.framework */; };
		03D1002816EC579A0005A1A9 /* InfoPlist.strings in Resources */ = {isa = PBXBuildFile; fileRef = 03D1002616EC579A0005A1A9 /* InfoPlist.strings */; };
		03D1002A16EC579A0005A1A9 /* main.m in Sources */ = {isa = PBXBuildFile; fileRef = 03D1002916EC579A0005A1A9 /* main.m */; };
		03D1002E16EC579A0005A1A9 /* QSAppDelegate.m in Sources */ = {isa = PBXBuildFile; fileRef = 03D1002D16EC579A0005A1A9 /* QSAppDelegate.m */; };
		03D1004716EC58300005A1A9 /* ItadPartnerViewController.m in Sources */ = {isa = PBXBuildFile; fileRef = 03D1004616EC58300005A1A9 /* ItadPartnerViewController.m */; };
		03D1004A16EC58490005A1A9 /* ItadTable.m in Sources */ = {isa = PBXBuildFile; fileRef = 03D1004916EC58490005A1A9 /* ItadTable.m */; };
		03D1006016EC63620005A1A9 /* WindowsAzureMobileServices.framework in Frameworks */ = {isa = PBXBuildFile; fileRef = 03D1005F16EC63620005A1A9 /* WindowsAzureMobileServices.framework */; };
		03D1006516ED41D20005A1A9 /* connected57.png in Resources */ = {isa = PBXBuildFile; fileRef = 03D1006116ED41D20005A1A9 /* connected57.png */; };
		03D1006616ED41D20005A1A9 /* connected72.png in Resources */ = {isa = PBXBuildFile; fileRef = 03D1006216ED41D20005A1A9 /* connected72.png */; };
		03D1006716ED41D20005A1A9 /* connected114.png in Resources */ = {isa = PBXBuildFile; fileRef = 03D1006316ED41D20005A1A9 /* connected114.png */; };
		03D1006816ED41D20005A1A9 /* connected144.png in Resources */ = {isa = PBXBuildFile; fileRef = 03D1006416ED41D20005A1A9 /* connected144.png */; };
		C4C63DE91A140E3100B2AB86 /* ItadLecturesTable.m in Sources */ = {isa = PBXBuildFile; fileRef = C4C63DE81A140E3100B2AB86 /* ItadLecturesTable.m */; };
		C4C63DEA1A1415C800B2AB86 /* MainStoryboard_iPhone.storyboard in Resources */ = {isa = PBXBuildFile; fileRef = C4C63DEC1A1415C800B2AB86 /* MainStoryboard_iPhone.storyboard */; };
		C4C63DEE1A1417AD00B2AB86 /* ItadLecturesViewController.m in Sources */ = {isa = PBXBuildFile; fileRef = C4C63DED1A1417AD00B2AB86 /* ItadLecturesViewController.m */; };
		C4EC41D41A1542E300B43B0E /* Background.png in Resources */ = {isa = PBXBuildFile; fileRef = C4EC41CE1A1542E300B43B0E /* Background.png */; };
		C4EC41DB1A15433700B43B0E /* Default-568h@2x.png in Resources */ = {isa = PBXBuildFile; fileRef = C4EC41DA1A15433700B43B0E /* Default-568h@2x.png */; };
		C4EC41E21A15503100B43B0E /* Downbar.png in Resources */ = {isa = PBXBuildFile; fileRef = C4EC41DD1A15503100B43B0E /* Downbar.png */; };
		C4EC41E31A15503100B43B0E /* partners.png in Resources */ = {isa = PBXBuildFile; fileRef = C4EC41DE1A15503100B43B0E /* partners.png */; };
		C4EC41E41A15503100B43B0E /* prelegents.png in Resources */ = {isa = PBXBuildFile; fileRef = C4EC41DF1A15503100B43B0E /* prelegents.png */; };
		C4EC41E51A15503100B43B0E /* rejestration.png in Resources */ = {isa = PBXBuildFile; fileRef = C4EC41E01A15503100B43B0E /* rejestration.png */; };
		C4EC41E71A15545A00B43B0E /* agenda.png in Resources */ = {isa = PBXBuildFile; fileRef = C4EC41E61A15545A00B43B0E /* agenda.png */; };
/* End PBXBuildFile section */

/* Begin PBXFileReference section */
		03D1001A16EC579A0005A1A9 /* Itad.app */ = {isa = PBXFileReference; explicitFileType = wrapper.application; includeInIndex = 0; path = Itad.app; sourceTree = BUILT_PRODUCTS_DIR; };
		03D1001D16EC579A0005A1A9 /* UIKit.framework */ = {isa = PBXFileReference; lastKnownFileType = wrapper.framework; name = UIKit.framework; path = System/Library/Frameworks/UIKit.framework; sourceTree = SDKROOT; };
		03D1001F16EC579A0005A1A9 /* Foundation.framework */ = {isa = PBXFileReference; lastKnownFileType = wrapper.framework; name = Foundation.framework; path = System/Library/Frameworks/Foundation.framework; sourceTree = SDKROOT; };
		03D1002116EC579A0005A1A9 /* CoreGraphics.framework */ = {isa = PBXFileReference; lastKnownFileType = wrapper.framework; name = CoreGraphics.framework; path = System/Library/Frameworks/CoreGraphics.framework; sourceTree = SDKROOT; };
		03D1002516EC579A0005A1A9 /* Itad-Info.plist */ = {isa = PBXFileReference; lastKnownFileType = text.plist.xml; path = "Itad-Info.plist"; sourceTree = "<group>"; };
		03D1002716EC579A0005A1A9 /* en */ = {isa = PBXFileReference; lastKnownFileType = text.plist.strings; name = en; path = en.lproj/InfoPlist.strings; sourceTree = "<group>"; };
		03D1002916EC579A0005A1A9 /* main.m */ = {isa = PBXFileReference; lastKnownFileType = sourcecode.c.objc; path = main.m; sourceTree = "<group>"; };
		03D1002B16EC579A0005A1A9 /* Itad-Prefix.pch */ = {isa = PBXFileReference; lastKnownFileType = sourcecode.c.h; path = "Itad-Prefix.pch"; sourceTree = "<group>"; };
		03D1002C16EC579A0005A1A9 /* QSAppDelegate.h */ = {isa = PBXFileReference; lastKnownFileType = sourcecode.c.h; path = QSAppDelegate.h; sourceTree = "<group>"; };
		03D1002D16EC579A0005A1A9 /* QSAppDelegate.m */ = {isa = PBXFileReference; lastKnownFileType = sourcecode.c.objc; path = QSAppDelegate.m; sourceTree = "<group>"; };
		03D1004516EC58300005A1A9 /* ItadPartnerViewController.h */ = {isa = PBXFileReference; fileEncoding = 4; lastKnownFileType = sourcecode.c.h; path = ItadPartnerViewController.h; sourceTree = "<group>"; };
		03D1004616EC58300005A1A9 /* ItadPartnerViewController.m */ = {isa = PBXFileReference; fileEncoding = 4; lastKnownFileType = sourcecode.c.objc; path = ItadPartnerViewController.m; sourceTree = "<group>"; };
		03D1004816EC58490005A1A9 /* ItadTable.h */ = {isa = PBXFileReference; fileEncoding = 4; lastKnownFileType = sourcecode.c.h; path = ItadTable.h; sourceTree = "<group>"; };
		03D1004916EC58490005A1A9 /* ItadTable.m */ = {isa = PBXFileReference; fileEncoding = 4; lastKnownFileType = sourcecode.c.objc; path = ItadTable.m; sourceTree = "<group>"; };
		03D1005F16EC63620005A1A9 /* WindowsAzureMobileServices.framework */ = {isa = PBXFileReference; lastKnownFileType = wrapper.framework; path = WindowsAzureMobileServices.framework; sourceTree = "<group>"; };
		03D1006116ED41D20005A1A9 /* connected57.png */ = {isa = PBXFileReference; lastKnownFileType = image.png; path = connected57.png; sourceTree = "<group>"; };
		03D1006216ED41D20005A1A9 /* connected72.png */ = {isa = PBXFileReference; lastKnownFileType = image.png; path = connected72.png; sourceTree = "<group>"; };
		03D1006316ED41D20005A1A9 /* connected114.png */ = {isa = PBXFileReference; lastKnownFileType = image.png; path = connected114.png; sourceTree = "<group>"; };
		03D1006416ED41D20005A1A9 /* connected144.png */ = {isa = PBXFileReference; lastKnownFileType = image.png; path = connected144.png; sourceTree = "<group>"; };
		C4C63DE71A140E1000B2AB86 /* ItadLecturesTable.h */ = {isa = PBXFileReference; lastKnownFileType = sourcecode.c.h; path = ItadLecturesTable.h; sourceTree = "<group>"; };
		C4C63DE81A140E3100B2AB86 /* ItadLecturesTable.m */ = {isa = PBXFileReference; fileEncoding = 4; lastKnownFileType = sourcecode.c.objc; path = ItadLecturesTable.m; sourceTree = "<group>"; };
		C4C63DEB1A1415C800B2AB86 /* en */ = {isa = PBXFileReference; lastKnownFileType = file.storyboard; name = en; path = en.lproj/MainStoryboard_iPhone.storyboard; sourceTree = "<group>"; };
		C4C63DED1A1417AD00B2AB86 /* ItadLecturesViewController.m */ = {isa = PBXFileReference; fileEncoding = 4; lastKnownFileType = sourcecode.c.objc; path = ItadLecturesViewController.m; sourceTree = "<group>"; };
		C4C63DEF1A1417CA00B2AB86 /* ItadLecturesViewController.h */ = {isa = PBXFileReference; lastKnownFileType = sourcecode.c.h; path = ItadLecturesViewController.h; sourceTree = "<group>"; };
		C4EC41CE1A1542E300B43B0E /* Background.png */ = {isa = PBXFileReference; lastKnownFileType = image.png; path = Background.png; sourceTree = "<group>"; };
		C4EC41DA1A15433700B43B0E /* Default-568h@2x.png */ = {isa = PBXFileReference; lastKnownFileType = image.png; path = "Default-568h@2x.png"; sourceTree = "<group>"; };
		C4EC41DD1A15503100B43B0E /* Downbar.png */ = {isa = PBXFileReference; lastKnownFileType = image.png; path = Downbar.png; sourceTree = "<group>"; };
		C4EC41DE1A15503100B43B0E /* partners.png */ = {isa = PBXFileReference; lastKnownFileType = image.png; path = partners.png; sourceTree = "<group>"; };
		C4EC41DF1A15503100B43B0E /* prelegents.png */ = {isa = PBXFileReference; lastKnownFileType = image.png; path = prelegents.png; sourceTree = "<group>"; };
		C4EC41E01A15503100B43B0E /* rejestration.png */ = {isa = PBXFileReference; lastKnownFileType = image.png; path = rejestration.png; sourceTree = "<group>"; };
		C4EC41E61A15545A00B43B0E /* agenda.png */ = {isa = PBXFileReference; lastKnownFileType = image.png; path = agenda.png; sourceTree = "<group>"; };
/* End PBXFileReference section */

/* Begin PBXFrameworksBuildPhase section */
		03D1001716EC579A0005A1A9 /* Frameworks */ = {
			isa = PBXFrameworksBuildPhase;
			buildActionMask = 2147483647;
			files = (
				03D1001E16EC579A0005A1A9 /* UIKit.framework in Frameworks */,
				03D1002016EC579A0005A1A9 /* Foundation.framework in Frameworks */,
				03D1002216EC579A0005A1A9 /* CoreGraphics.framework in Frameworks */,
				03D1006016EC63620005A1A9 /* WindowsAzureMobileServices.framework in Frameworks */,
			);
			runOnlyForDeploymentPostprocessing = 0;
		};
/* End PBXFrameworksBuildPhase section */

/* Begin PBXGroup section */
		03D1001116EC579A0005A1A9 = {
			isa = PBXGroup;
			children = (
				C4EC41DA1A15433700B43B0E /* Default-568h@2x.png */,
				03D1002316EC579A0005A1A9 /* Itad */,
				03D1001C16EC579A0005A1A9 /* Frameworks */,
				03D1001B16EC579A0005A1A9 /* Products */,
			);
			sourceTree = "<group>";
		};
		03D1001B16EC579A0005A1A9 /* Products */ = {
			isa = PBXGroup;
			children = (
				03D1001A16EC579A0005A1A9 /* Itad.app */,
			);
			name = Products;
			sourceTree = "<group>";
		};
		03D1001C16EC579A0005A1A9 /* Frameworks */ = {
			isa = PBXGroup;
			children = (
				03D1005F16EC63620005A1A9 /* WindowsAzureMobileServices.framework */,
				03D1001D16EC579A0005A1A9 /* UIKit.framework */,
				03D1001F16EC579A0005A1A9 /* Foundation.framework */,
				03D1002116EC579A0005A1A9 /* CoreGraphics.framework */,
			);
			name = Frameworks;
			sourceTree = "<group>";
		};
		03D1002316EC579A0005A1A9 /* Itad */ = {
			isa = PBXGroup;
			children = (
				03D1004816EC58490005A1A9 /* ItadTable.h */,
				03D1004916EC58490005A1A9 /* ItadTable.m */,
				C4C63DE71A140E1000B2AB86 /* ItadLecturesTable.h */,
				C4C63DE81A140E3100B2AB86 /* ItadLecturesTable.m */,
				03D1004516EC58300005A1A9 /* ItadPartnerViewController.h */,
				03D1004616EC58300005A1A9 /* ItadPartnerViewController.m */,
				C4C63DEF1A1417CA00B2AB86 /* ItadLecturesViewController.h */,
				C4C63DED1A1417AD00B2AB86 /* ItadLecturesViewController.m */,
				C4C63DEC1A1415C800B2AB86 /* MainStoryboard_iPhone.storyboard */,
				03D1002C16EC579A0005A1A9 /* QSAppDelegate.h */,
				03D1002D16EC579A0005A1A9 /* QSAppDelegate.m */,
				03D1002416EC579A0005A1A9 /* Supporting Files */,
			);
			path = Itad;
			sourceTree = "<group>";
		};
		03D1002416EC579A0005A1A9 /* Supporting Files */ = {
			isa = PBXGroup;
			children = (
				C4EC41E61A15545A00B43B0E /* agenda.png */,
				C4EC41DD1A15503100B43B0E /* Downbar.png */,
				C4EC41DE1A15503100B43B0E /* partners.png */,
				C4EC41DF1A15503100B43B0E /* prelegents.png */,
				C4EC41E01A15503100B43B0E /* rejestration.png */,
				C4EC41CE1A1542E300B43B0E /* Background.png */,
				03D1006116ED41D20005A1A9 /* connected57.png */,
				03D1006216ED41D20005A1A9 /* connected72.png */,
				03D1006316ED41D20005A1A9 /* connected114.png */,
				03D1006416ED41D20005A1A9 /* connected144.png */,
				03D1002516EC579A0005A1A9 /* Itad-Info.plist */,
				03D1002616EC579A0005A1A9 /* InfoPlist.strings */,
				03D1002916EC579A0005A1A9 /* main.m */,
				03D1002B16EC579A0005A1A9 /* Itad-Prefix.pch */,
			);
			name = "Supporting Files";
			sourceTree = "<group>";
		};
/* End PBXGroup section */

/* Begin PBXNativeTarget section */
		03D1001916EC579A0005A1A9 /* Itad */ = {
			isa = PBXNativeTarget;
			buildConfigurationList = 03D1004016EC579A0005A1A9 /* Build configuration list for PBXNativeTarget "Itad" */;
			buildPhases = (
				03D1001616EC579A0005A1A9 /* Sources */,
				03D1001716EC579A0005A1A9 /* Frameworks */,
				03D1001816EC579A0005A1A9 /* Resources */,
			);
			buildRules = (
			);
			dependencies = (
			);
			name = Itad;
			productName = Itad;
			productReference = 03D1001A16EC579A0005A1A9 /* Itad.app */;
			productType = "com.apple.product-type.application";
		};
/* End PBXNativeTarget section */

/* Begin PBXProject section */
		03D1001216EC579A0005A1A9 /* Project object */ = {
			isa = PBXProject;
			attributes = {
				CLASSPREFIX = Itad;
				LastUpgradeCheck = 0460;
				ORGANIZATIONNAME = "Wojciech Stasinski";
				TargetAttributes = {
					03D1001916EC579A0005A1A9 = {
						DevelopmentTeam = MYFP846GSZ;
					};
				};
			};
			buildConfigurationList = 03D1001516EC579A0005A1A9 /* Build configuration list for PBXProject "Itad" */;
			compatibilityVersion = "Xcode 3.2";
			developmentRegion = English;
			hasScannedForEncodings = 0;
			knownRegions = (
				en,
			);
			mainGroup = 03D1001116EC579A0005A1A9;
			productRefGroup = 03D1001B16EC579A0005A1A9 /* Products */;
			projectDirPath = "";
			projectRoot = "";
			targets = (
				03D1001916EC579A0005A1A9 /* Itad */,
			);
		};
/* End PBXProject section */

/* Begin PBXResourcesBuildPhase section */
		03D1001816EC579A0005A1A9 /* Resources */ = {
			isa = PBXResourcesBuildPhase;
			buildActionMask = 2147483647;
			files = (
				03D1002816EC579A0005A1A9 /* InfoPlist.strings in Resources */,
				C4EC41E31A15503100B43B0E /* partners.png in Resources */,
				C4EC41E41A15503100B43B0E /* prelegents.png in Resources */,
				C4C63DEA1A1415C800B2AB86 /* MainStoryboard_iPhone.storyboard in Resources */,
				03D1006516ED41D20005A1A9 /* connected57.png in Resources */,
				C4EC41E21A15503100B43B0E /* Downbar.png in Resources */,
				03D1006616ED41D20005A1A9 /* connected72.png in Resources */,
				C4EC41DB1A15433700B43B0E /* Default-568h@2x.png in Resources */,
				C4EC41E71A15545A00B43B0E /* agenda.png in Resources */,
				C4EC41D41A1542E300B43B0E /* Background.png in Resources */,
				C4EC41E51A15503100B43B0E /* rejestration.png in Resources */,
				03D1006716ED41D20005A1A9 /* connected114.png in Resources */,
				03D1006816ED41D20005A1A9 /* connected144.png in Resources */,
			);
			runOnlyForDeploymentPostprocessing = 0;
		};
/* End PBXResourcesBuildPhase section */

/* Begin PBXSourcesBuildPhase section */
		03D1001616EC579A0005A1A9 /* Sources */ = {
			isa = PBXSourcesBuildPhase;
			buildActionMask = 2147483647;
			files = (
				C4C63DE91A140E3100B2AB86 /* ItadLecturesTable.m in Sources */,
				03D1002A16EC579A0005A1A9 /* main.m in Sources */,
				03D1002E16EC579A0005A1A9 /* QSAppDelegate.m in Sources */,
				03D1004716EC58300005A1A9 /* ItadPartnerViewController.m in Sources */,
				03D1004A16EC58490005A1A9 /* ItadTable.m in Sources */,
				C4C63DEE1A1417AD00B2AB86 /* ItadLecturesViewController.m in Sources */,
			);
			runOnlyForDeploymentPostprocessing = 0;
		};
/* End PBXSourcesBuildPhase section */

/* Begin PBXVariantGroup section */
		03D1002616EC579A0005A1A9 /* InfoPlist.strings */ = {
			isa = PBXVariantGroup;
			children = (
				03D1002716EC579A0005A1A9 /* en */,
			);
			name = InfoPlist.strings;
			sourceTree = "<group>";
		};
		C4C63DEC1A1415C800B2AB86 /* MainStoryboard_iPhone.storyboard */ = {
			isa = PBXVariantGroup;
			children = (
				C4C63DEB1A1415C800B2AB86 /* en */,
			);
			name = MainStoryboard_iPhone.storyboard;
			sourceTree = "<group>";
		};
/* End PBXVariantGroup section */

/* Begin XCBuildConfiguration section */
		03D1003E16EC579A0005A1A9 /* Debug */ = {
			isa = XCBuildConfiguration;
			buildSettings = {
				ALWAYS_SEARCH_USER_PATHS = NO;
				CLANG_CXX_LANGUAGE_STANDARD = "gnu++0x";
				CLANG_CXX_LIBRARY = "libc++";
				CLANG_ENABLE_OBJC_ARC = YES;
				CLANG_WARN_CONSTANT_CONVERSION = YES;
				CLANG_WARN_EMPTY_BODY = YES;
				CLANG_WARN_ENUM_CONVERSION = YES;
				CLANG_WARN_INT_CONVERSION = YES;
				CLANG_WARN__DUPLICATE_METHOD_MATCH = YES;
				"CODE_SIGN_IDENTITY[sdk=iphoneos*]" = "iPhone Developer";
				COPY_PHASE_STRIP = NO;
				GCC_C_LANGUAGE_STANDARD = gnu99;
				GCC_DYNAMIC_NO_PIC = NO;
				GCC_OPTIMIZATION_LEVEL = 0;
				GCC_PREPROCESSOR_DEFINITIONS = (
					"DEBUG=1",
					"$(inherited)",
				);
				GCC_SYMBOLS_PRIVATE_EXTERN = NO;
				GCC_WARN_ABOUT_RETURN_TYPE = YES;
				GCC_WARN_UNINITIALIZED_AUTOS = YES;
				GCC_WARN_UNUSED_VARIABLE = YES;
				IPHONEOS_DEPLOYMENT_TARGET = 5.1;
				ONLY_ACTIVE_ARCH = YES;
				SDKROOT = iphoneos;
				TARGETED_DEVICE_FAMILY = "1,2";
			};
			name = Debug;
		};
		03D1003F16EC579A0005A1A9 /* Release */ = {
			isa = XCBuildConfiguration;
			buildSettings = {
				ALWAYS_SEARCH_USER_PATHS = NO;
				CLANG_CXX_LANGUAGE_STANDARD = "gnu++0x";
				CLANG_CXX_LIBRARY = "libc++";
				CLANG_ENABLE_OBJC_ARC = YES;
				CLANG_WARN_CONSTANT_CONVERSION = YES;
				CLANG_WARN_EMPTY_BODY = YES;
				CLANG_WARN_ENUM_CONVERSION = YES;
				CLANG_WARN_INT_CONVERSION = YES;
				CLANG_WARN__DUPLICATE_METHOD_MATCH = YES;
				"CODE_SIGN_IDENTITY[sdk=iphoneos*]" = "iPhone Developer";
				COPY_PHASE_STRIP = YES;
				GCC_C_LANGUAGE_STANDARD = gnu99;
				GCC_WARN_ABOUT_RETURN_TYPE = YES;
				GCC_WARN_UNINITIALIZED_AUTOS = YES;
				GCC_WARN_UNUSED_VARIABLE = YES;
				IPHONEOS_DEPLOYMENT_TARGET = 5.1;
				OTHER_CFLAGS = "-DNS_BLOCK_ASSERTIONS=1";
				SDKROOT = iphoneos;
				TARGETED_DEVICE_FAMILY = "1,2";
				VALIDATE_PRODUCT = YES;
			};
			name = Release;
		};
		03D1004116EC579A0005A1A9 /* Debug */ = {
			isa = XCBuildConfiguration;
			buildSettings = {
				CODE_SIGN_IDENTITY = "iPhone Developer: Wojciech Stasiński (KF7SXE6P5U)";
				FRAMEWORK_SEARCH_PATHS = (
					"$(inherited)",
					"\"$(SRCROOT)\"",
				);
				GCC_PRECOMPILE_PREFIX_HEADER = YES;
				GCC_PREFIX_HEADER = "Itad/Itad-Prefix.pch";
				INFOPLIST_FILE = "Itad/Itad-Info.plist";
				IPHONEOS_DEPLOYMENT_TARGET = 8.0;
				PRODUCT_NAME = "$(TARGET_NAME)";
				TARGETED_DEVICE_FAMILY = 1;
				WRAPPER_EXTENSION = app;
			};
			name = Debug;
		};
		03D1004216EC579A0005A1A9 /* Release */ = {
			isa = XCBuildConfiguration;
			buildSettings = {
				CODE_SIGN_IDENTITY = "iPhone Developer: Wojciech Stasiński (KF7SXE6P5U)";
				FRAMEWORK_SEARCH_PATHS = (
					"$(inherited)",
					"\"$(SRCROOT)\"",
				);
				GCC_PRECOMPILE_PREFIX_HEADER = YES;
				GCC_PREFIX_HEADER = "Itad/Itad-Prefix.pch";
				INFOPLIST_FILE = "Itad/Itad-Info.plist";
				IPHONEOS_DEPLOYMENT_TARGET = 8.0;
				PRODUCT_NAME = "$(TARGET_NAME)";
				TARGETED_DEVICE_FAMILY = 1;
				WRAPPER_EXTENSION = app;
			};
			name = Release;
		};
/* End XCBuildConfiguration section */

/* Begin XCConfigurationList section */
		03D1001516EC579A0005A1A9 /* Build configuration list for PBXProject "Itad" */ = {
			isa = XCConfigurationList;
			buildConfigurations = (
				03D1003E16EC579A0005A1A9 /* Debug */,
				03D1003F16EC579A0005A1A9 /* Release */,
			);
			defaultConfigurationIsVisible = 0;
			defaultConfigurationName = Release;
		};
		03D1004016EC579A0005A1A9 /* Build configuration list for PBXNativeTarget "Itad" */ = {
			isa = XCConfigurationList;
			buildConfigurations = (
				03D1004116EC579A0005A1A9 /* Debug */,
				03D1004216EC579A0005A1A9 /* Release */,
			);
			defaultConfigurationIsVisible = 0;
			defaultConfigurationName = Release;
		};
/* End XCConfigurationList section */
	};
	rootObject = 03D1001216EC579A0005A1A9 /* Project object */;
}
